// !$*UTF8*$!
{
	archiveVersion = 1;
	classes = {
	};
	objectVersion = 50;
	objects = {

/* Begin PBXBuildFile section */
		B03AD51D26556B6400A76598 /* ContactDetailViewController.swift in Sources */ = {isa = PBXBuildFile; fileRef = B03AD51C26556B6400A76598 /* ContactDetailViewController.swift */; };
		B0E1095D2655074100BDEA96 /* AppDelegate.swift in Sources */ = {isa = PBXBuildFile; fileRef = B0E1095C2655074100BDEA96 /* AppDelegate.swift */; };
		B0E1095F2655074100BDEA96 /* SceneDelegate.swift in Sources */ = {isa = PBXBuildFile; fileRef = B0E1095E2655074100BDEA96 /* SceneDelegate.swift */; };
		B0E109642655074100BDEA96 /* Main.storyboard in Resources */ = {isa = PBXBuildFile; fileRef = B0E109622655074100BDEA96 /* Main.storyboard */; };
		B0E109672655074100BDEA96 /* contacts.xcdatamodeld in Sources */ = {isa = PBXBuildFile; fileRef = B0E109652655074100BDEA96 /* contacts.xcdatamodeld */; };
		B0E109692655074400BDEA96 /* Assets.xcassets in Resources */ = {isa = PBXBuildFile; fileRef = B0E109682655074400BDEA96 /* Assets.xcassets */; };
		B0E1096C2655074400BDEA96 /* LaunchScreen.storyboard in Resources */ = {isa = PBXBuildFile; fileRef = B0E1096A2655074400BDEA96 /* LaunchScreen.storyboard */; };
		B0E109772655074400BDEA96 /* contactsTests.swift in Sources */ = {isa = PBXBuildFile; fileRef = B0E109762655074400BDEA96 /* contactsTests.swift */; };
		B0E109822655074400BDEA96 /* contactsUITests.swift in Sources */ = {isa = PBXBuildFile; fileRef = B0E109812655074400BDEA96 /* contactsUITests.swift */; };
		B0E10990265513F800BDEA96 /* ContactViewController.swift in Sources */ = {isa = PBXBuildFile; fileRef = B0E1098F265513F800BDEA96 /* ContactViewController.swift */; };
		B0E109922655142F00BDEA96 /* AddContactViewController.swift in Sources */ = {isa = PBXBuildFile; fileRef = B0E109912655142F00BDEA96 /* AddContactViewController.swift */; };
/* End PBXBuildFile section */

/* Begin PBXContainerItemProxy section */
		B0E109732655074400BDEA96 /* PBXContainerItemProxy */ = {
			isa = PBXContainerItemProxy;
			containerPortal = B0E109512655074100BDEA96 /* Project object */;
			proxyType = 1;
			remoteGlobalIDString = B0E109582655074100BDEA96;
			remoteInfo = contacts;
		};
		B0E1097E2655074400BDEA96 /* PBXContainerItemProxy */ = {
			isa = PBXContainerItemProxy;
			containerPortal = B0E109512655074100BDEA96 /* Project object */;
			proxyType = 1;
			remoteGlobalIDString = B0E109582655074100BDEA96;
			remoteInfo = contacts;
		};
/* End PBXContainerItemProxy section */

/* Begin PBXFileReference section */
		B03AD51C26556B6400A76598 /* ContactDetailViewController.swift */ = {isa = PBXFileReference; lastKnownFileType = sourcecode.swift; path = ContactDetailViewController.swift; sourceTree = "<group>"; };
		B0E109592655074100BDEA96 /* contacts.app */ = {isa = PBXFileReference; explicitFileType = wrapper.application; includeInIndex = 0; path = contacts.app; sourceTree = BUILT_PRODUCTS_DIR; };
		B0E1095C2655074100BDEA96 /* AppDelegate.swift */ = {isa = PBXFileReference; lastKnownFileType = sourcecode.swift; path = AppDelegate.swift; sourceTree = "<group>"; };
		B0E1095E2655074100BDEA96 /* SceneDelegate.swift */ = {isa = PBXFileReference; lastKnownFileType = sourcecode.swift; path = SceneDelegate.swift; sourceTree = "<group>"; };
		B0E109632655074100BDEA96 /* Base */ = {isa = PBXFileReference; lastKnownFileType = file.storyboard; name = Base; path = Base.lproj/Main.storyboard; sourceTree = "<group>"; };
		B0E109662655074100BDEA96 /* contacts.xcdatamodel */ = {isa = PBXFileReference; lastKnownFileType = wrapper.xcdatamodel; path = contacts.xcdatamodel; sourceTree = "<group>"; };
		B0E109682655074400BDEA96 /* Assets.xcassets */ = {isa = PBXFileReference; lastKnownFileType = folder.assetcatalog; path = Assets.xcassets; sourceTree = "<group>"; };
		B0E1096B2655074400BDEA96 /* Base */ = {isa = PBXFileReference; lastKnownFileType = file.storyboard; name = Base; path = Base.lproj/LaunchScreen.storyboard; sourceTree = "<group>"; };
		B0E1096D2655074400BDEA96 /* Info.plist */ = {isa = PBXFileReference; lastKnownFileType = text.plist.xml; path = Info.plist; sourceTree = "<group>"; };
		B0E109722655074400BDEA96 /* contactsTests.xctest */ = {isa = PBXFileReference; explicitFileType = wrapper.cfbundle; includeInIndex = 0; path = contactsTests.xctest; sourceTree = BUILT_PRODUCTS_DIR; };
		B0E109762655074400BDEA96 /* contactsTests.swift */ = {isa = PBXFileReference; lastKnownFileType = sourcecode.swift; path = contactsTests.swift; sourceTree = "<group>"; };
		B0E109782655074400BDEA96 /* Info.plist */ = {isa = PBXFileReference; lastKnownFileType = text.plist.xml; path = Info.plist; sourceTree = "<group>"; };
		B0E1097D2655074400BDEA96 /* contactsUITests.xctest */ = {isa = PBXFileReference; explicitFileType = wrapper.cfbundle; includeInIndex = 0; path = contactsUITests.xctest; sourceTree = BUILT_PRODUCTS_DIR; };
		B0E109812655074400BDEA96 /* contactsUITests.swift */ = {isa = PBXFileReference; lastKnownFileType = sourcecode.swift; path = contactsUITests.swift; sourceTree = "<group>"; };
		B0E109832655074400BDEA96 /* Info.plist */ = {isa = PBXFileReference; lastKnownFileType = text.plist.xml; path = Info.plist; sourceTree = "<group>"; };
		B0E1098F265513F800BDEA96 /* ContactViewController.swift */ = {isa = PBXFileReference; lastKnownFileType = sourcecode.swift; path = ContactViewController.swift; sourceTree = "<group>"; };
		B0E109912655142F00BDEA96 /* AddContactViewController.swift */ = {isa = PBXFileReference; lastKnownFileType = sourcecode.swift; path = AddContactViewController.swift; sourceTree = "<group>"; };
/* End PBXFileReference section */

/* Begin PBXFrameworksBuildPhase section */
		B0E109562655074100BDEA96 /* Frameworks */ = {
			isa = PBXFrameworksBuildPhase;
			buildActionMask = 2147483647;
			files = (
			);
			runOnlyForDeploymentPostprocessing = 0;
		};
		B0E1096F2655074400BDEA96 /* Frameworks */ = {
			isa = PBXFrameworksBuildPhase;
			buildActionMask = 2147483647;
			files = (
			);
			runOnlyForDeploymentPostprocessing = 0;
		};
		B0E1097A2655074400BDEA96 /* Frameworks */ = {
			isa = PBXFrameworksBuildPhase;
			buildActionMask = 2147483647;
			files = (
			);
			runOnlyForDeploymentPostprocessing = 0;
		};
/* End PBXFrameworksBuildPhase section */

/* Begin PBXGroup section */
		B0E109502655074100BDEA96 = {
			isa = PBXGroup;
			children = (
				B03AD51C26556B6400A76598 /* ContactDetailViewController.swift */,
				B0E1098F265513F800BDEA96 /* ContactViewController.swift */,
				B0E109912655142F00BDEA96 /* AddContactViewController.swift */,
				B0E1095B2655074100BDEA96 /* contacts */,
				B0E109752655074400BDEA96 /* contactsTests */,
				B0E109802655074400BDEA96 /* contactsUITests */,
				B0E1095A2655074100BDEA96 /* Products */,
			);
			sourceTree = "<group>";
		};
		B0E1095A2655074100BDEA96 /* Products */ = {
			isa = PBXGroup;
			children = (
				B0E109592655074100BDEA96 /* contacts.app */,
				B0E109722655074400BDEA96 /* contactsTests.xctest */,
				B0E1097D2655074400BDEA96 /* contactsUITests.xctest */,
			);
			name = Products;
			sourceTree = "<group>";
		};
		B0E1095B2655074100BDEA96 /* contacts */ = {
			isa = PBXGroup;
			children = (
				B0E1095C2655074100BDEA96 /* AppDelegate.swift */,
				B0E1095E2655074100BDEA96 /* SceneDelegate.swift */,
				B0E109622655074100BDEA96 /* Main.storyboard */,
				B0E109682655074400BDEA96 /* Assets.xcassets */,
				B0E1096A2655074400BDEA96 /* LaunchScreen.storyboard */,
				B0E1096D2655074400BDEA96 /* Info.plist */,
				B0E109652655074100BDEA96 /* contacts.xcdatamodeld */,
			);
			path = contacts;
			sourceTree = "<group>";
		};
		B0E109752655074400BDEA96 /* contactsTests */ = {
			isa = PBXGroup;
			children = (
				B0E109762655074400BDEA96 /* contactsTests.swift */,
				B0E109782655074400BDEA96 /* Info.plist */,
			);
			path = contactsTests;
			sourceTree = "<group>";
		};
		B0E109802655074400BDEA96 /* contactsUITests */ = {
			isa = PBXGroup;
			children = (
				B0E109812655074400BDEA96 /* contactsUITests.swift */,
				B0E109832655074400BDEA96 /* Info.plist */,
			);
			path = contactsUITests;
			sourceTree = "<group>";
		};
/* End PBXGroup section */

/* Begin PBXNativeTarget section */
		B0E109582655074100BDEA96 /* contacts */ = {
			isa = PBXNativeTarget;
			buildConfigurationList = B0E109862655074400BDEA96 /* Build configuration list for PBXNativeTarget "contacts" */;
			buildPhases = (
				B0E109552655074100BDEA96 /* Sources */,
				B0E109562655074100BDEA96 /* Frameworks */,
				B0E109572655074100BDEA96 /* Resources */,
			);
			buildRules = (
			);
			dependencies = (
			);
			name = contacts;
			productName = contacts;
			productReference = B0E109592655074100BDEA96 /* contacts.app */;
			productType = "com.apple.product-type.application";
		};
		B0E109712655074400BDEA96 /* contactsTests */ = {
			isa = PBXNativeTarget;
			buildConfigurationList = B0E109892655074400BDEA96 /* Build configuration list for PBXNativeTarget "contactsTests" */;
			buildPhases = (
				B0E1096E2655074400BDEA96 /* Sources */,
				B0E1096F2655074400BDEA96 /* Frameworks */,
				B0E109702655074400BDEA96 /* Resources */,
			);
			buildRules = (
			);
			dependencies = (
				B0E109742655074400BDEA96 /* PBXTargetDependency */,
			);
			name = contactsTests;
			productName = contactsTests;
			productReference = B0E109722655074400BDEA96 /* contactsTests.xctest */;
			productType = "com.apple.product-type.bundle.unit-test";
		};
		B0E1097C2655074400BDEA96 /* contactsUITests */ = {
			isa = PBXNativeTarget;
			buildConfigurationList = B0E1098C2655074400BDEA96 /* Build configuration list for PBXNativeTarget "contactsUITests" */;
			buildPhases = (
				B0E109792655074400BDEA96 /* Sources */,
				B0E1097A2655074400BDEA96 /* Frameworks */,
				B0E1097B2655074400BDEA96 /* Resources */,
			);
			buildRules = (
			);
			dependencies = (
				B0E1097F2655074400BDEA96 /* PBXTargetDependency */,
			);
			name = contactsUITests;
			productName = contactsUITests;
			productReference = B0E1097D2655074400BDEA96 /* contactsUITests.xctest */;
			productType = "com.apple.product-type.bundle.ui-testing";
		};
/* End PBXNativeTarget section */

/* Begin PBXProject section */
		B0E109512655074100BDEA96 /* Project object */ = {
			isa = PBXProject;
			attributes = {
				LastSwiftUpdateCheck = 1250;
				LastUpgradeCheck = 1250;
				TargetAttributes = {
					B0E109582655074100BDEA96 = {
						CreatedOnToolsVersion = 12.5;
					};
					B0E109712655074400BDEA96 = {
						CreatedOnToolsVersion = 12.5;
						TestTargetID = B0E109582655074100BDEA96;
					};
					B0E1097C2655074400BDEA96 = {
						CreatedOnToolsVersion = 12.5;
						TestTargetID = B0E109582655074100BDEA96;
					};
				};
			};
			buildConfigurationList = B0E109542655074100BDEA96 /* Build configuration list for PBXProject "contacts" */;
			compatibilityVersion = "Xcode 9.3";
			developmentRegion = en;
			hasScannedForEncodings = 0;
			knownRegions = (
				en,
				Base,
			);
			mainGroup = B0E109502655074100BDEA96;
			productRefGroup = B0E1095A2655074100BDEA96 /* Products */;
			projectDirPath = "";
			projectRoot = "";
			targets = (
				B0E109582655074100BDEA96 /* contacts */,
				B0E109712655074400BDEA96 /* contactsTests */,
				B0E1097C2655074400BDEA96 /* contactsUITests */,
			);
		};
/* End PBXProject section */

/* Begin PBXResourcesBuildPhase section */
		B0E109572655074100BDEA96 /* Resources */ = {
			isa = PBXResourcesBuildPhase;
			buildActionMask = 2147483647;
			files = (
				B0E1096C2655074400BDEA96 /* LaunchScreen.storyboard in Resources */,
				B0E109692655074400BDEA96 /* Assets.xcassets in Resources */,
				B0E109642655074100BDEA96 /* Main.storyboard in Resources */,
			);
			runOnlyForDeploymentPostprocessing = 0;
		};
		B0E109702655074400BDEA96 /* Resources */ = {
			isa = PBXResourcesBuildPhase;
			buildActionMask = 2147483647;
			files = (
			);
			runOnlyForDeploymentPostprocessing = 0;
		};
		B0E1097B2655074400BDEA96 /* Resources */ = {
			isa = PBXResourcesBuildPhase;
			buildActionMask = 2147483647;
			files = (
			);
			runOnlyForDeploymentPostprocessing = 0;
		};
/* End PBXResourcesBuildPhase section */

/* Begin PBXSourcesBuildPhase section */
		B0E109552655074100BDEA96 /* Sources */ = {
			isa = PBXSourcesBuildPhase;
			buildActionMask = 2147483647;
			files = (
				B0E109922655142F00BDEA96 /* AddContactViewController.swift in Sources */,
				B0E109672655074100BDEA96 /* contacts.xcdatamodeld in Sources */,
				B0E10990265513F800BDEA96 /* ContactViewController.swift in Sources */,
				B03AD51D26556B6400A76598 /* ContactDetailViewController.swift in Sources */,
				B0E1095D2655074100BDEA96 /* AppDelegate.swift in Sources */,
				B0E1095F2655074100BDEA96 /* SceneDelegate.swift in Sources */,
			);
			runOnlyForDeploymentPostprocessing = 0;
		};
		B0E1096E2655074400BDEA96 /* Sources */ = {
			isa = PBXSourcesBuildPhase;
			buildActionMask = 2147483647;
			files = (
				B0E109772655074400BDEA96 /* contactsTests.swift in Sources */,
			);
			runOnlyForDeploymentPostprocessing = 0;
		};
		B0E109792655074400BDEA96 /* Sources */ = {
			isa = PBXSourcesBuildPhase;
			buildActionMask = 2147483647;
			files = (
				B0E109822655074400BDEA96 /* contactsUITests.swift in Sources */,
			);
			runOnlyForDeploymentPostprocessing = 0;
		};
/* End PBXSourcesBuildPhase section */

/* Begin PBXTargetDependency section */
		B0E109742655074400BDEA96 /* PBXTargetDependency */ = {
			isa = PBXTargetDependency;
			target = B0E109582655074100BDEA96 /* contacts */;
			targetProxy = B0E109732655074400BDEA96 /* PBXContainerItemProxy */;
		};
		B0E1097F2655074400BDEA96 /* PBXTargetDependency */ = {
			isa = PBXTargetDependency;
			target = B0E109582655074100BDEA96 /* contacts */;
			targetProxy = B0E1097E2655074400BDEA96 /* PBXContainerItemProxy */;
		};
/* End PBXTargetDependency section */

/* Begin PBXVariantGroup section */
		B0E109622655074100BDEA96 /* Main.storyboard */ = {
			isa = PBXVariantGroup;
			children = (
				B0E109632655074100BDEA96 /* Base */,
			);
			name = Main.storyboard;
			sourceTree = "<group>";
		};
		B0E1096A2655074400BDEA96 /* LaunchScreen.storyboard */ = {
			isa = PBXVariantGroup;
			children = (
				B0E1096B2655074400BDEA96 /* Base */,
			);
			name = LaunchScreen.storyboard;
			sourceTree = "<group>";
		};
/* End PBXVariantGroup section */

/* Begin XCBuildConfiguration section */
		B0E109842655074400BDEA96 /* Debug */ = {
			isa = XCBuildConfiguration;
			buildSettings = {
				ALWAYS_SEARCH_USER_PATHS = NO;
				CLANG_ANALYZER_NONNULL = YES;
				CLANG_ANALYZER_NUMBER_OBJECT_CONVERSION = YES_AGGRESSIVE;
				CLANG_CXX_LANGUAGE_STANDARD = "gnu++14";
				CLANG_CXX_LIBRARY = "libc++";
				CLANG_ENABLE_MODULES = YES;
				CLANG_ENABLE_OBJC_ARC = YES;
				CLANG_ENABLE_OBJC_WEAK = YES;
				CLANG_WARN_BLOCK_CAPTURE_AUTORELEASING = YES;
				CLANG_WARN_BOOL_CONVERSION = YES;
				CLANG_WARN_COMMA = YES;
				CLANG_WARN_CONSTANT_CONVERSION = YES;
				CLANG_WARN_DEPRECATED_OBJC_IMPLEMENTATIONS = YES;
				CLANG_WARN_DIRECT_OBJC_ISA_USAGE = YES_ERROR;
				CLANG_WARN_DOCUMENTATION_COMMENTS = YES;
				CLANG_WARN_EMPTY_BODY = YES;
				CLANG_WARN_ENUM_CONVERSION = YES;
				CLANG_WARN_INFINITE_RECURSION = YES;
				CLANG_WARN_INT_CONVERSION = YES;
				CLANG_WARN_NON_LITERAL_NULL_CONVERSION = YES;
				CLANG_WARN_OBJC_IMPLICIT_RETAIN_SELF = YES;
				CLANG_WARN_OBJC_LITERAL_CONVERSION = YES;
				CLANG_WARN_OBJC_ROOT_CLASS = YES_ERROR;
				CLANG_WARN_QUOTED_INCLUDE_IN_FRAMEWORK_HEADER = YES;
				CLANG_WARN_RANGE_LOOP_ANALYSIS = YES;
				CLANG_WARN_STRICT_PROTOTYPES = YES;
				CLANG_WARN_SUSPICIOUS_MOVE = YES;
				CLANG_WARN_UNGUARDED_AVAILABILITY = YES_AGGRESSIVE;
				CLANG_WARN_UNREACHABLE_CODE = YES;
				CLANG_WARN__DUPLICATE_METHOD_MATCH = YES;
				COPY_PHASE_STRIP = NO;
				DEBUG_INFORMATION_FORMAT = dwarf;
				ENABLE_STRICT_OBJC_MSGSEND = YES;
				ENABLE_TESTABILITY = YES;
				GCC_C_LANGUAGE_STANDARD = gnu11;
				GCC_DYNAMIC_NO_PIC = NO;
				GCC_NO_COMMON_BLOCKS = YES;
				GCC_OPTIMIZATION_LEVEL = 0;
				GCC_PREPROCESSOR_DEFINITIONS = (
					"DEBUG=1",
					"$(inherited)",
				);
				GCC_WARN_64_TO_32_BIT_CONVERSION = YES;
				GCC_WARN_ABOUT_RETURN_TYPE = YES_ERROR;
				GCC_WARN_UNDECLARED_SELECTOR = YES;
				GCC_WARN_UNINITIALIZED_AUTOS = YES_AGGRESSIVE;
				GCC_WARN_UNUSED_FUNCTION = YES;
				GCC_WARN_UNUSED_VARIABLE = YES;
				IPHONEOS_DEPLOYMENT_TARGET = 14.5;
				MTL_ENABLE_DEBUG_INFO = INCLUDE_SOURCE;
				MTL_FAST_MATH = YES;
				ONLY_ACTIVE_ARCH = YES;
				SDKROOT = iphoneos;
				SWIFT_ACTIVE_COMPILATION_CONDITIONS = DEBUG;
				SWIFT_OPTIMIZATION_LEVEL = "-Onone";
			};
			name = Debug;
		};
		B0E109852655074400BDEA96 /* Release */ = {
			isa = XCBuildConfiguration;
			buildSettings = {
				ALWAYS_SEARCH_USER_PATHS = NO;
				CLANG_ANALYZER_NONNULL = YES;
				CLANG_ANALYZER_NUMBER_OBJECT_CONVERSION = YES_AGGRESSIVE;
				CLANG_CXX_LANGUAGE_STANDARD = "gnu++14";
				CLANG_CXX_LIBRARY = "libc++";
				CLANG_ENABLE_MODULES = YES;
				CLANG_ENABLE_OBJC_ARC = YES;
				CLANG_ENABLE_OBJC_WEAK = YES;
				CLANG_WARN_BLOCK_CAPTURE_AUTORELEASING = YES;
				CLANG_WARN_BOOL_CONVERSION = YES;
				CLANG_WARN_COMMA = YES;
				CLANG_WARN_CONSTANT_CONVERSION = YES;
				CLANG_WARN_DEPRECATED_OBJC_IMPLEMENTATIONS = YES;
				CLANG_WARN_DIRECT_OBJC_ISA_USAGE = YES_ERROR;
				CLANG_WARN_DOCUMENTATION_COMMENTS = YES;
				CLANG_WARN_EMPTY_BODY = YES;
				CLANG_WARN_ENUM_CONVERSION = YES;
				CLANG_WARN_INFINITE_RECURSION = YES;
				CLANG_WARN_INT_CONVERSION = YES;
				CLANG_WARN_NON_LITERAL_NULL_CONVERSION = YES;
				CLANG_WARN_OBJC_IMPLICIT_RETAIN_SELF = YES;
				CLANG_WARN_OBJC_LITERAL_CONVERSION = YES;
				CLANG_WARN_OBJC_ROOT_CLASS = YES_ERROR;
				CLANG_WARN_QUOTED_INCLUDE_IN_FRAMEWORK_HEADER = YES;
				CLANG_WARN_RANGE_LOOP_ANALYSIS = YES;
				CLANG_WARN_STRICT_PROTOTYPES = YES;
				CLANG_WARN_SUSPICIOUS_MOVE = YES;
				CLANG_WARN_UNGUARDED_AVAILABILITY = YES_AGGRESSIVE;
				CLANG_WARN_UNREACHABLE_CODE = YES;
				CLANG_WARN__DUPLICATE_METHOD_MATCH = YES;
				COPY_PHASE_STRIP = NO;
				DEBUG_INFORMATION_FORMAT = "dwarf-with-dsym";
				ENABLE_NS_ASSERTIONS = NO;
				ENABLE_STRICT_OBJC_MSGSEND = YES;
				GCC_C_LANGUAGE_STANDARD = gnu11;
				GCC_NO_COMMON_BLOCKS = YES;
				GCC_WARN_64_TO_32_BIT_CONVERSION = YES;
				GCC_WARN_ABOUT_RETURN_TYPE = YES_ERROR;
				GCC_WARN_UNDECLARED_SELECTOR = YES;
				GCC_WARN_UNINITIALIZED_AUTOS = YES_AGGRESSIVE;
				GCC_WARN_UNUSED_FUNCTION = YES;
				GCC_WARN_UNUSED_VARIABLE = YES;
				IPHONEOS_DEPLOYMENT_TARGET = 14.5;
				MTL_ENABLE_DEBUG_INFO = NO;
				MTL_FAST_MATH = YES;
				SDKROOT = iphoneos;
				SWIFT_COMPILATION_MODE = wholemodule;
				SWIFT_OPTIMIZATION_LEVEL = "-O";
				VALIDATE_PRODUCT = YES;
			};
			name = Release;
		};
		B0E109872655074400BDEA96 /* Debug */ = {
			isa = XCBuildConfiguration;
			buildSettings = {
				ASSETCATALOG_COMPILER_APPICON_NAME = AppIcon;
				ASSETCATALOG_COMPILER_GLOBAL_ACCENT_COLOR_NAME = AccentColor;
				CODE_SIGN_STYLE = Automatic;
				DEVELOPMENT_TEAM = 2K99MAJ5SH;
				INFOPLIST_FILE = contacts/Info.plist;
				LD_RUNPATH_SEARCH_PATHS = (
					"$(inherited)",
					"@executable_path/Frameworks",
				);
				PRODUCT_BUNDLE_IDENTIFIER = "bubbly-boey.contacts";
				PRODUCT_NAME = "$(TARGET_NAME)";
				SWIFT_VERSION = 5.0;
				TARGETED_DEVICE_FAMILY = "1,2";
			};
			name = Debug;
		};
		B0E109882655074400BDEA96 /* Release */ = {
			isa = XCBuildConfiguration;
			buildSettings = {
				ASSETCATALOG_COMPILER_APPICON_NAME = AppIcon;
				ASSETCATALOG_COMPILER_GLOBAL_ACCENT_COLOR_NAME = AccentColor;
				CODE_SIGN_STYLE = Automatic;
				DEVELOPMENT_TEAM = 2K99MAJ5SH;
				INFOPLIST_FILE = contacts/Info.plist;
				LD_RUNPATH_SEARCH_PATHS = (
					"$(inherited)",
					"@executable_path/Frameworks",
				);
				PRODUCT_BUNDLE_IDENTIFIER = "bubbly-boey.contacts";
				PRODUCT_NAME = "$(TARGET_NAME)";
				SWIFT_VERSION = 5.0;
				TARGETED_DEVICE_FAMILY = "1,2";
			};
			name = Release;
		};
		B0E1098A2655074400BDEA96 /* Debug */ = {
			isa = XCBuildConfiguration;
			buildSettings = {
				ALWAYS_EMBED_SWIFT_STANDARD_LIBRARIES = YES;
				BUNDLE_LOADER = "$(TEST_HOST)";
				CODE_SIGN_STYLE = Automatic;
				DEVELOPMENT_TEAM = 2K99MAJ5SH;
				INFOPLIST_FILE = contactsTests/Info.plist;
				IPHONEOS_DEPLOYMENT_TARGET = 14.5;
				LD_RUNPATH_SEARCH_PATHS = (
					"$(inherited)",
					"@executable_path/Frameworks",
					"@loader_path/Frameworks",
				);
				PRODUCT_BUNDLE_IDENTIFIER = "bubbly-boey.contactsTests";
				PRODUCT_NAME = "$(TARGET_NAME)";
				SWIFT_VERSION = 5.0;
				TARGETED_DEVICE_FAMILY = "1,2";
				TEST_HOST = "$(BUILT_PRODUCTS_DIR)/contacts.app/contacts";
			};
			name = Debug;
		};
		B0E1098B2655074400BDEA96 /* Release */ = {
			isa = XCBuildConfiguration;
			buildSettings = {
				ALWAYS_EMBED_SWIFT_STANDARD_LIBRARIES = YES;
				BUNDLE_LOADER = "$(TEST_HOST)";
				CODE_SIGN_STYLE = Automatic;
				DEVELOPMENT_TEAM = 2K99MAJ5SH;
				INFOPLIST_FILE = contactsTests/Info.plist;
				IPHONEOS_DEPLOYMENT_TARGET = 14.5;
				LD_RUNPATH_SEARCH_PATHS = (
					"$(inherited)",
					"@executable_path/Frameworks",
					"@loader_path/Frameworks",
				);
				PRODUCT_BUNDLE_IDENTIFIER = "bubbly-boey.contactsTests";
				PRODUCT_NAME = "$(TARGET_NAME)";
				SWIFT_VERSION = 5.0;
				TARGETED_DEVICE_FAMILY = "1,2";
				TEST_HOST = "$(BUILT_PRODUCTS_DIR)/contacts.app/contacts";
			};
			name = Release;
		};
		B0E1098D2655074400BDEA96 /* Debug */ = {
			isa = XCBuildConfiguration;
			buildSettings = {
				ALWAYS_EMBED_SWIFT_STANDARD_LIBRARIES = YES;
				CODE_SIGN_STYLE = Automatic;
				DEVELOPMENT_TEAM = 2K99MAJ5SH;
				INFOPLIST_FILE = contactsUITests/Info.plist;
				LD_RUNPATH_SEARCH_PATHS = (
					"$(inherited)",
					"@executable_path/Frameworks",
					"@loader_path/Frameworks",
				);
				PRODUCT_BUNDLE_IDENTIFIER = "bubbly-boey.contactsUITests";
				PRODUCT_NAME = "$(TARGET_NAME)";
				SWIFT_VERSION = 5.0;
				TARGETED_DEVICE_FAMILY = "1,2";
				TEST_TARGET_NAME = contacts;
			};
			name = Debug;
		};
		B0E1098E2655074400BDEA96 /* Release */ = {
			isa = XCBuildConfiguration;
			buildSettings = {
				ALWAYS_EMBED_SWIFT_STANDARD_LIBRARIES = YES;
				CODE_SIGN_STYLE = Automatic;
				DEVELOPMENT_TEAM = 2K99MAJ5SH;
				INFOPLIST_FILE = contactsUITests/Info.plist;
				LD_RUNPATH_SEARCH_PATHS = (
					"$(inherited)",
					"@executable_path/Frameworks",
					"@loader_path/Frameworks",
				);
				PRODUCT_BUNDLE_IDENTIFIER = "bubbly-boey.contactsUITests";
				PRODUCT_NAME = "$(TARGET_NAME)";
				SWIFT_VERSION = 5.0;
				TARGETED_DEVICE_FAMILY = "1,2";
				TEST_TARGET_NAME = contacts;
			};
			name = Release;
		};
/* End XCBuildConfiguration section */

/* Begin XCConfigurationList section */
		B0E109542655074100BDEA96 /* Build configuration list for PBXProject "contacts" */ = {
			isa = XCConfigurationList;
			buildConfigurations = (
				B0E109842655074400BDEA96 /* Debug */,
				B0E109852655074400BDEA96 /* Release */,
			);
			defaultConfigurationIsVisible = 0;
			defaultConfigurationName = Release;
		};
		B0E109862655074400BDEA96 /* Build configuration list for PBXNativeTarget "contacts" */ = {
			isa = XCConfigurationList;
			buildConfigurations = (
				B0E109872655074400BDEA96 /* Debug */,
				B0E109882655074400BDEA96 /* Release */,
			);
			defaultConfigurationIsVisible = 0;
			defaultConfigurationName = Release;
		};
		B0E109892655074400BDEA96 /* Build configuration list for PBXNativeTarget "contactsTests" */ = {
			isa = XCConfigurationList;
			buildConfigurations = (
				B0E1098A2655074400BDEA96 /* Debug */,
				B0E1098B2655074400BDEA96 /* Release */,
			);
			defaultConfigurationIsVisible = 0;
			defaultConfigurationName = Release;
		};
		B0E1098C2655074400BDEA96 /* Build configuration list for PBXNativeTarget "contactsUITests" */ = {
			isa = XCConfigurationList;
			buildConfigurations = (
				B0E1098D2655074400BDEA96 /* Debug */,
				B0E1098E2655074400BDEA96 /* Release */,
			);
			defaultConfigurationIsVisible = 0;
			defaultConfigurationName = Release;
		};
/* End XCConfigurationList section */

/* Begin XCVersionGroup section */
		B0E109652655074100BDEA96 /* contacts.xcdatamodeld */ = {
			isa = XCVersionGroup;
			children = (
				B0E109662655074100BDEA96 /* contacts.xcdatamodel */,
			);
			currentVersion = B0E109662655074100BDEA96 /* contacts.xcdatamodel */;
			path = contacts.xcdatamodeld;
			sourceTree = "<group>";
			versionGroupType = wrapper.xcdatamodel;
		};
/* End XCVersionGroup section */
	};
	rootObject = B0E109512655074100BDEA96 /* Project object */;
}
